
Microsoft Visual Studio Solution File, Format Version 12.00
Project("{FAE04EC0-301F-11D3-BF4B-00C04F79EFBC}") = "AutoCADTools.App", "src\AutoCADTools.App\AutoCADTools.App.csproj", "{B751F277-7CDB-41A9-9BB1-8365A8EAA462}"
EndProject
Project("{FAE04EC0-301F-11D3-BF4B-00C04F79EFBC}") = "AutoCADTools.Presentation", "src\AutoCADTools.Presentation\AutoCADTools.Presentation.csproj", "{53099B85-100E-4B41-AE85-B8A376F29EC8}"
EndProject
Project("{FAE04EC0-301F-11D3-BF4B-00C04F79EFBC}") = "AutoCADTools.Core", "src\AutoCADTools.Core\AutoCADTools.Core.csproj", "{69CE6A54-7EBF-4087-B430-D08B51194943}"
EndProject
Project("{FAE04EC0-301F-11D3-BF4B-00C04F79EFBC}") = "AutoCADTools.Service", "src\AutoCADTools.Service\AutoCADTools.Service.csproj", "{C41E317F-671F-4077-AE5C-DD92058CA74C}"
EndProject
Project("{FAE04EC0-301F-11D3-BF4B-00C04F79EFBC}") = "AutoCADTools.Test", "tests\AutoCADTools.Test\AutoCADTools.Test.csproj", "{16CAE99D-50BB-4BEE-A833-7B1B4EAD5BD7}"
EndProject
Project("{2150E333-8FDC-42A3-9474-1A3956D46DE8}") = "src", "src", "{32B8740D-5DC6-4F26-88DA-F59F27138359}"
EndProject
Project("{2150E333-8FDC-42A3-9474-1A3956D46DE8}") = "tests", "tests", "{F81022DE-0BFF-4B45-89B4-8178750E61E3}"
EndProject
Global
	GlobalSection(SolutionConfigurationPlatforms) = preSolution
		Debug 2023|Any CPU = Debug 2023|Any CPU
		Release 2023|Any CPU = Release 2023|Any CPU
		Debug 2024|Any CPU = Debug 2024|Any CPU
		Release 2024|Any CPU = Release 2024|Any CPU
	EndGlobalSection
	GlobalSection(ProjectConfigurationPlatforms) = postSolution
		{B751F277-7CDB-41A9-9BB1-8365A8EAA462}.Debug 2023|Any CPU.ActiveCfg = Debug 2023|Any CPU
		{B751F277-7CDB-41A9-9BB1-8365A8EAA462}.Debug 2023|Any CPU.Build.0 = Debug 2023|Any CPU
		{B751F277-7CDB-41A9-9BB1-8365A8EAA462}.Release 2023|Any CPU.ActiveCfg = Release 2023|Any CPU
		{B751F277-7CDB-41A9-9BB1-8365A8EAA462}.Release 2023|Any CPU.Build.0 = Release 2023|Any CPU
		{B751F277-7CDB-41A9-9BB1-8365A8EAA462}.Debug 2024|Any CPU.ActiveCfg = Debug 2024|Any CPU
		{B751F277-7CDB-41A9-9BB1-8365A8EAA462}.Debug 2024|Any CPU.Build.0 = Debug 2024|Any CPU
		{B751F277-7CDB-41A9-9BB1-8365A8EAA462}.Release 2024|Any CPU.ActiveCfg = Release 2024|Any CPU
		{B751F277-7CDB-41A9-9BB1-8365A8EAA462}.Release 2024|Any CPU.Build.0 = Release 2024|Any CPU
		{53099B85-100E-4B41-AE85-B8A376F29EC8}.Debug 2023|Any CPU.ActiveCfg = Debug 2023|Any CPU
		{53099B85-100E-4B41-AE85-B8A376F29EC8}.Debug 2023|Any CPU.Build.0 = Debug 2023|Any CPU
		{53099B85-100E-4B41-AE85-B8A376F29EC8}.Release 2023|Any CPU.ActiveCfg = Release 2023|Any CPU
		{53099B85-100E-4B41-AE85-B8A376F29EC8}.Release 2023|Any CPU.Build.0 = Release 2023|Any CPU
		{53099B85-100E-4B41-AE85-B8A376F29EC8}.Debug 2024|Any CPU.ActiveCfg = Debug 2024|Any CPU
		{53099B85-100E-4B41-AE85-B8A376F29EC8}.Debug 2024|Any CPU.Build.0 = Debug 2024|Any CPU
		{53099B85-100E-4B41-AE85-B8A376F29EC8}.Release 2024|Any CPU.ActiveCfg = Release 2024|Any CPU
		{53099B85-100E-4B41-AE85-B8A376F29EC8}.Release 2024|Any CPU.Build.0 = Release 2024|Any CPU
		{69CE6A54-7EBF-4087-B430-D08B51194943}.Debug 2023|Any CPU.ActiveCfg = Debug 2023|Any CPU
		{69CE6A54-7EBF-4087-B430-D08B51194943}.Debug 2023|Any CPU.Build.0 = Debug 2023|Any CPU
		{69CE6A54-7EBF-4087-B430-D08B51194943}.Release 2023|Any CPU.ActiveCfg = Release 2023|Any CPU
		{69CE6A54-7EBF-4087-B430-D08B51194943}.Release 2023|Any CPU.Build.0 = Release 2023|Any CPU
		{69CE6A54-7EBF-4087-B430-D08B51194943}.Debug 2024|Any CPU.ActiveCfg = Debug 2024|Any CPU
		{69CE6A54-7EBF-4087-B430-D08B51194943}.Debug 2024|Any CPU.Build.0 = Debug 2024|Any CPU
		{69CE6A54-7EBF-4087-B430-D08B51194943}.Release 2024|Any CPU.ActiveCfg = Release 2024|Any CPU
		{69CE6A54-7EBF-4087-B430-D08B51194943}.Release 2024|Any CPU.Build.0 = Release 2024|Any CPU
		{C41E317F-671F-4077-AE5C-DD92058CA74C}.Debug 2023|Any CPU.ActiveCfg = Debug 2023|Any CPU
		{C41E317F-671F-4077-AE5C-DD92058CA74C}.Debug 2023|Any CPU.Build.0 = Debug 2023|Any CPU
		{C41E317F-671F-4077-AE5C-DD92058CA74C}.Release 2023|Any CPU.ActiveCfg = Release 2023|Any CPU
		{C41E317F-671F-4077-AE5C-DD92058CA74C}.Release 2023|Any CPU.Build.0 = Release 2023|Any CPU
		{C41E317F-671F-4077-AE5C-DD92058CA74C}.Debug 2024|Any CPU.ActiveCfg = Debug 2024|Any CPU
		{C41E317F-671F-4077-AE5C-DD92058CA74C}.Debug 2024|Any CPU.Build.0 = Debug 2024|Any CPU
		{C41E317F-671F-4077-AE5C-DD92058CA74C}.Release 2024|Any CPU.ActiveCfg = Release 2024|Any CPU
		{C41E317F-671F-4077-AE5C-DD92058CA74C}.Release 2024|Any CPU.Build.0 = Release 2024|Any CPU
		{16CAE99D-50BB-4BEE-A833-7B1B4EAD5BD7}.Debug 2023|Any CPU.ActiveCfg = Debug 2023|Any CPU
		{16CAE99D-50BB-4BEE-A833-7B1B4EAD5BD7}.Debug 2023|Any CPU.Build.0 = Debug 2023|Any CPU
		{16CAE99D-50BB-4BEE-A833-7B1B4EAD5BD7}.Release 2023|Any CPU.ActiveCfg = Release 2023|Any CPU
		{16CAE99D-50BB-4BEE-A833-7B1B4EAD5BD7}.Release 2023|Any CPU.Build.0 = Release 2023|Any CPU
		{16CAE99D-50BB-4BEE-A833-7B1B4EAD5BD7}.Debug 2024|Any CPU.ActiveCfg = Debug 2024|Any CPU
		{16CAE99D-50BB-4BEE-A833-7B1B4EAD5BD7}.Debug 2024|Any CPU.Build.0 = Debug 2024|Any CPU
		{16CAE99D-50BB-4BEE-A833-7B1B4EAD5BD7}.Release 2024|Any CPU.ActiveCfg = Release 2024|Any CPU
		{16CAE99D-50BB-4BEE-A833-7B1B4EAD5BD7}.Release 2024|Any CPU.Build.0 = Release 2024|Any CPU
	EndGlobalSection
	GlobalSection(NestedProjects) = preSolution
		{B751F277-7CDB-41A9-9BB1-8365A8EAA462} = {32B8740D-5DC6-4F26-88DA-F59F27138359}
		{53099B85-100E-4B41-AE85-B8A376F29EC8} = {32B8740D-5DC6-4F26-88DA-F59F27138359}
		{69CE6A54-7EBF-4087-B430-D08B51194943} = {32B8740D-5DC6-4F26-88DA-F59F27138359}
		{C41E317F-671F-4077-AE5C-DD92058CA74C} = {32B8740D-5DC6-4F26-88DA-F59F27138359}
		{16CAE99D-50BB-4BEE-A833-7B1B4EAD5BD7} = {F81022DE-0BFF-4B45-89B4-8178750E61E3}
	EndGlobalSection
EndGlobal
